
Microsoft Visual Studio Solution File, Format Version 12.00
# Visual Studio Version 16
VisualStudioVersion = 16.0.30204.135
MinimumVisualStudioVersion = 15.0.26124.0
Project("{9A19103F-16F7-4668-BE54-9A1E7A4F7556}") = "BDModule", "BDModule\BDModule.csproj", "{461F5249-F0D4-4DD1-99D2-A88D4F1BB5F1}"
EndProject
Project("{9A19103F-16F7-4668-BE54-9A1E7A4F7556}") = "BDModule.UnitTest", "BDModule.UnitTest\BDModule.UnitTest.csproj", "{47BB0D4A-0D49-4A4F-B9F9-9467409B6BB6}"
EndProject
Project("{2150E333-8FDC-42A3-9474-1A3956D46DE8}") = "Solution Items", "Solution Items", "{9CF08EE0-AB6C-4F01-9296-BEBB9146AD3D}"
	ProjectSection(SolutionItems) = preProject
		.gitattributes = .gitattributes
		.gitignore = .gitignore
		LICENSE.md = LICENSE.md
		README.md = README.md
	EndProjectSection
EndProject
Global
	GlobalSection(SolutionConfigurationPlatforms) = preSolution
		Debug|Any CPU = Debug|Any CPU
		Debug|x64 = Debug|x64
		Debug|x86 = Debug|x86
		Release|Any CPU = Release|Any CPU
		Release|x64 = Release|x64
		Release|x86 = Release|x86
	EndGlobalSection
	GlobalSection(ProjectConfigurationPlatforms) = postSolution
		{461F5249-F0D4-4DD1-99D2-A88D4F1BB5F1}.Debug|Any CPU.ActiveCfg = Debug|Any CPU
		{461F5249-F0D4-4DD1-99D2-A88D4F1BB5F1}.Debug|Any CPU.Build.0 = Debug|Any CPU
		{461F5249-F0D4-4DD1-99D2-A88D4F1BB5F1}.Debug|x64.ActiveCfg = Debug|Any CPU
		{461F5249-F0D4-4DD1-99D2-A88D4F1BB5F1}.Debug|x64.Build.0 = Debug|Any CPU
		{461F5249-F0D4-4DD1-99D2-A88D4F1BB5F1}.Debug|x86.ActiveCfg = Debug|Any CPU
		{461F5249-F0D4-4DD1-99D2-A88D4F1BB5F1}.Debug|x86.Build.0 = Debug|Any CPU
		{461F5249-F0D4-4DD1-99D2-A88D4F1BB5F1}.Release|Any CPU.ActiveCfg = Release|Any CPU
		{461F5249-F0D4-4DD1-99D2-A88D4F1BB5F1}.Release|Any CPU.Build.0 = Release|Any CPU
		{461F5249-F0D4-4DD1-99D2-A88D4F1BB5F1}.Release|x64.ActiveCfg = Release|Any CPU
		{461F5249-F0D4-4DD1-99D2-A88D4F1BB5F1}.Release|x64.Build.0 = Release|Any CPU
		{461F5249-F0D4-4DD1-99D2-A88D4F1BB5F1}.Release|x86.ActiveCfg = Release|Any CPU
		{461F5249-F0D4-4DD1-99D2-A88D4F1BB5F1}.Release|x86.Build.0 = Release|Any CPU
		{47BB0D4A-0D49-4A4F-B9F9-9467409B6BB6}.Debug|Any CPU.ActiveCfg = Debug|Any CPU
		{47BB0D4A-0D49-4A4F-B9F9-9467409B6BB6}.Debug|Any CPU.Build.0 = Debug|Any CPU
		{47BB0D4A-0D49-4A4F-B9F9-9467409B6BB6}.Debug|x64.ActiveCfg = Debug|Any CPU
		{47BB0D4A-0D49-4A4F-B9F9-9467409B6BB6}.Debug|x64.Build.0 = Debug|Any CPU
		{47BB0D4A-0D49-4A4F-B9F9-9467409B6BB6}.Debug|x86.ActiveCfg = Debug|Any CPU
		{47BB0D4A-0D49-4A4F-B9F9-9467409B6BB6}.Debug|x86.Build.0 = Debug|Any CPU
		{47BB0D4A-0D49-4A4F-B9F9-9467409B6BB6}.Release|Any CPU.ActiveCfg = Release|Any CPU
		{47BB0D4A-0D49-4A4F-B9F9-9467409B6BB6}.Release|Any CPU.Build.0 = Release|Any CPU
		{47BB0D4A-0D49-4A4F-B9F9-9467409B6BB6}.Release|x64.ActiveCfg = Release|Any CPU
		{47BB0D4A-0D49-4A4F-B9F9-9467409B6BB6}.Release|x64.Build.0 = Release|Any CPU
		{47BB0D4A-0D49-4A4F-B9F9-9467409B6BB6}.Release|x86.ActiveCfg = Release|Any CPU
		{47BB0D4A-0D49-4A4F-B9F9-9467409B6BB6}.Release|x86.Build.0 = Release|Any CPU
	EndGlobalSection
	GlobalSection(SolutionProperties) = preSolution
		HideSolutionNode = FALSE
	EndGlobalSection
	GlobalSection(ExtensibilityGlobals) = postSolution
		SolutionGuid = {9C77E49F-9C50-4839-8892-3FC707376D4F}
	EndGlobalSection
EndGlobal
